
Microsoft Visual Studio Solution File, Format Version 12.00
Project("{FAE04EC0-301F-11D3-BF4B-00C04F79EFBC}") = "bsky-custom-feed", "bsky-custom-feed\bsky-custom-feed.csproj", "{8C5979CE-6CD5-4753-8DAF-119C911B98A8}"
EndProject
Global
	GlobalSection(SolutionConfigurationPlatforms) = preSolution
		Debug|Any CPU = Debug|Any CPU
		Release|Any CPU = Release|Any CPU
	EndGlobalSection
	GlobalSection(ProjectConfigurationPlatforms) = postSolution
		{8C5979CE-6CD5-4753-8DAF-119C911B98A8}.Debug|Any CPU.ActiveCfg = Debug|Any CPU
		{8C5979CE-6CD5-4753-8DAF-119C911B98A8}.Debug|Any CPU.Build.0 = Debug|Any CPU
		{8C5979CE-6CD5-4753-8DAF-119C911B98A8}.Release|Any CPU.ActiveCfg = Release|Any CPU
		{8C5979CE-6CD5-4753-8DAF-119C911B98A8}.Release|Any CPU.Build.0 = Release|Any CPU
	EndGlobalSection
EndGlobal
